
Microsoft Visual Studio Solution File, Format Version 12.00
# Visual Studio Version 16
VisualStudioVersion = 16.0.30011.22
MinimumVisualStudioVersion = 10.0.40219.1
Project("{FAE04EC0-301F-11D3-BF4B-00C04F79EFBC}") = "Arreglos", "Arreglos\Arreglos.csproj", "{A0B2FFE4-BC0D-4195-9D39-B47B93145820}"
EndProject
Project("{FAE04EC0-301F-11D3-BF4B-00C04F79EFBC}") = "Matrices", "..\Matrices\Matrices.csproj", "{0809B1E2-ED68-4CB7-B72D-2E96E2D50598}"
EndProject
Project("{FAE04EC0-301F-11D3-BF4B-00C04F79EFBC}") = "LabProgramacionIII", "POO\LabProgramacionIII.csproj", "{F1D28AAC-9507-4899-AF12-E93B99F6AAEE}"
EndProject
Global
	GlobalSection(SolutionConfigurationPlatforms) = preSolution
		Debug|Any CPU = Debug|Any CPU
		Release|Any CPU = Release|Any CPU
	EndGlobalSection
	GlobalSection(ProjectConfigurationPlatforms) = postSolution
		{A0B2FFE4-BC0D-4195-9D39-B47B93145820}.Debug|Any CPU.ActiveCfg = Debug|Any CPU
		{A0B2FFE4-BC0D-4195-9D39-B47B93145820}.Debug|Any CPU.Build.0 = Debug|Any CPU
		{A0B2FFE4-BC0D-4195-9D39-B47B93145820}.Release|Any CPU.ActiveCfg = Release|Any CPU
		{A0B2FFE4-BC0D-4195-9D39-B47B93145820}.Release|Any CPU.Build.0 = Release|Any CPU
		{0809B1E2-ED68-4CB7-B72D-2E96E2D50598}.Debug|Any CPU.ActiveCfg = Debug|Any CPU
		{0809B1E2-ED68-4CB7-B72D-2E96E2D50598}.Debug|Any CPU.Build.0 = Debug|Any CPU
		{0809B1E2-ED68-4CB7-B72D-2E96E2D50598}.Release|Any CPU.ActiveCfg = Release|Any CPU
		{0809B1E2-ED68-4CB7-B72D-2E96E2D50598}.Release|Any CPU.Build.0 = Release|Any CPU
		{F1D28AAC-9507-4899-AF12-E93B99F6AAEE}.Debug|Any CPU.ActiveCfg = Debug|Any CPU
		{F1D28AAC-9507-4899-AF12-E93B99F6AAEE}.Debug|Any CPU.Build.0 = Debug|Any CPU
		{F1D28AAC-9507-4899-AF12-E93B99F6AAEE}.Release|Any CPU.ActiveCfg = Release|Any CPU
		{F1D28AAC-9507-4899-AF12-E93B99F6AAEE}.Release|Any CPU.Build.0 = Release|Any CPU
	EndGlobalSection
	GlobalSection(SolutionProperties) = preSolution
		HideSolutionNode = FALSE
	EndGlobalSection
	GlobalSection(ExtensibilityGlobals) = postSolution
		SolutionGuid = {AE702E0E-0C56-4F1B-B596-DB097D93A664}
	EndGlobalSection
EndGlobal
