
Microsoft Visual Studio Solution File, Format Version 12.00
# Visual Studio Version 16
VisualStudioVersion = 16.0.30011.22
MinimumVisualStudioVersion = 10.0.40219.1
Project("{FAE04EC0-301F-11D3-BF4B-00C04F79EFBC}") = "Arreglos", "Arreglos\Arreglos.csproj", "{A0B2FFE4-BC0D-4195-9D39-B47B93145820}"
EndProject
Project("{2150E333-8FDC-42A3-9474-1A3956D46DE8}") = "arreglos1", "arreglos1", "{33AD71CB-1D9F-41BE-98A9-FD5A356938CF}"
EndProject
Project("{2150E333-8FDC-42A3-9474-1A3956D46DE8}") = "matrices1", "matrices1", "{ACB41472-DFD3-4887-9C9E-A004F2BA54FA}"
EndProject
Project("{FAE04EC0-301F-11D3-BF4B-00C04F79EFBC}") = "matrices", "matrices\matrices.csproj", "{F3E4AC12-1DF4-40C4-9CC9-130D64D1FCA4}"
EndProject
Project("{2150E333-8FDC-42A3-9474-1A3956D46DE8}") = "POO", "POO", "{78A0CBFA-509E-4E7C-985F-A5908DA085CF}"
EndProject
Project("{FAE04EC0-301F-11D3-BF4B-00C04F79EFBC}") = "Poo", "Poo\Poo.csproj", "{A9147D9B-7205-4F36-BA75-256894E6EF82}"
EndProject
Project("{FAE04EC0-301F-11D3-BF4B-00C04F79EFBC}") = "Poo1", "Poo1\Poo1.csproj", "{9D228E20-C263-4E1A-982A-F8084158A157}"
EndProject
Global
	GlobalSection(SolutionConfigurationPlatforms) = preSolution
		Debug|Any CPU = Debug|Any CPU
		Release|Any CPU = Release|Any CPU
	EndGlobalSection
	GlobalSection(ProjectConfigurationPlatforms) = postSolution
		{A0B2FFE4-BC0D-4195-9D39-B47B93145820}.Debug|Any CPU.ActiveCfg = Debug|Any CPU
		{A0B2FFE4-BC0D-4195-9D39-B47B93145820}.Debug|Any CPU.Build.0 = Debug|Any CPU
		{A0B2FFE4-BC0D-4195-9D39-B47B93145820}.Release|Any CPU.ActiveCfg = Release|Any CPU
		{A0B2FFE4-BC0D-4195-9D39-B47B93145820}.Release|Any CPU.Build.0 = Release|Any CPU
		{F3E4AC12-1DF4-40C4-9CC9-130D64D1FCA4}.Debug|Any CPU.ActiveCfg = Debug|Any CPU
		{F3E4AC12-1DF4-40C4-9CC9-130D64D1FCA4}.Debug|Any CPU.Build.0 = Debug|Any CPU
		{F3E4AC12-1DF4-40C4-9CC9-130D64D1FCA4}.Release|Any CPU.ActiveCfg = Release|Any CPU
		{F3E4AC12-1DF4-40C4-9CC9-130D64D1FCA4}.Release|Any CPU.Build.0 = Release|Any CPU
		{A9147D9B-7205-4F36-BA75-256894E6EF82}.Debug|Any CPU.ActiveCfg = Debug|Any CPU
		{A9147D9B-7205-4F36-BA75-256894E6EF82}.Debug|Any CPU.Build.0 = Debug|Any CPU
		{A9147D9B-7205-4F36-BA75-256894E6EF82}.Release|Any CPU.ActiveCfg = Release|Any CPU
		{A9147D9B-7205-4F36-BA75-256894E6EF82}.Release|Any CPU.Build.0 = Release|Any CPU
		{9D228E20-C263-4E1A-982A-F8084158A157}.Debug|Any CPU.ActiveCfg = Debug|Any CPU
		{9D228E20-C263-4E1A-982A-F8084158A157}.Debug|Any CPU.Build.0 = Debug|Any CPU
		{9D228E20-C263-4E1A-982A-F8084158A157}.Release|Any CPU.ActiveCfg = Release|Any CPU
		{9D228E20-C263-4E1A-982A-F8084158A157}.Release|Any CPU.Build.0 = Release|Any CPU
	EndGlobalSection
	GlobalSection(SolutionProperties) = preSolution
		HideSolutionNode = FALSE
	EndGlobalSection
	GlobalSection(NestedProjects) = preSolution
		{A0B2FFE4-BC0D-4195-9D39-B47B93145820} = {33AD71CB-1D9F-41BE-98A9-FD5A356938CF}
		{F3E4AC12-1DF4-40C4-9CC9-130D64D1FCA4} = {ACB41472-DFD3-4887-9C9E-A004F2BA54FA}
		{A9147D9B-7205-4F36-BA75-256894E6EF82} = {78A0CBFA-509E-4E7C-985F-A5908DA085CF}
		{9D228E20-C263-4E1A-982A-F8084158A157} = {78A0CBFA-509E-4E7C-985F-A5908DA085CF}
	EndGlobalSection
	GlobalSection(ExtensibilityGlobals) = postSolution
		SolutionGuid = {AE702E0E-0C56-4F1B-B596-DB097D93A664}
	EndGlobalSection
EndGlobal
